// !$*UTF8*$!
{
	archiveVersion = 1;
	classes = {
	};
	objectVersion = 46;
	objects = {

/* Begin PBXBuildFile section */
		CE08AA091FBE7B300049C1F1 /* AromaShooterControllerSwift.framework in Frameworks */ = {isa = PBXBuildFile; fileRef = CE08AA071FBE7B250049C1F1 /* AromaShooterControllerSwift.framework */; };
		CE08AA0A1FBE7B300049C1F1 /* AromaShooterControllerSwift.framework in Embed Frameworks */ = {isa = PBXBuildFile; fileRef = CE08AA071FBE7B250049C1F1 /* AromaShooterControllerSwift.framework */; settings = {ATTRIBUTES = (CodeSignOnCopy, RemoveHeadersOnCopy, ); }; };
		CE573A181E5C20C500F5F8AE /* ConnectionViewController.swift in Sources */ = {isa = PBXBuildFile; fileRef = CE573A171E5C20C500F5F8AE /* ConnectionViewController.swift */; };
		CE573A1A1E5C217C00F5F8AE /* DeviceTableViewCell.swift in Sources */ = {isa = PBXBuildFile; fileRef = CE573A191E5C217C00F5F8AE /* DeviceTableViewCell.swift */; };
		CEBA38DB1E5AF0D500FD56A0 /* AppDelegate.swift in Sources */ = {isa = PBXBuildFile; fileRef = CEBA38DA1E5AF0D500FD56A0 /* AppDelegate.swift */; };
		CEBA38DD1E5AF0D500FD56A0 /* ViewController.swift in Sources */ = {isa = PBXBuildFile; fileRef = CEBA38DC1E5AF0D500FD56A0 /* ViewController.swift */; };
		CEBA38E01E5AF0D500FD56A0 /* Main.storyboard in Resources */ = {isa = PBXBuildFile; fileRef = CEBA38DE1E5AF0D500FD56A0 /* Main.storyboard */; };
		CEBA38E21E5AF0D500FD56A0 /* Assets.xcassets in Resources */ = {isa = PBXBuildFile; fileRef = CEBA38E11E5AF0D500FD56A0 /* Assets.xcassets */; };
		CEBA38E51E5AF0D500FD56A0 /* LaunchScreen.storyboard in Resources */ = {isa = PBXBuildFile; fileRef = CEBA38E31E5AF0D500FD56A0 /* LaunchScreen.storyboard */; };
/* End PBXBuildFile section */

/* Begin PBXCopyFilesBuildPhase section */
		CE51DDD01F6B6BF200B84E9B /* Embed Frameworks */ = {
			isa = PBXCopyFilesBuildPhase;
			buildActionMask = 2147483647;
			dstPath = "";
			dstSubfolderSpec = 10;
			files = (
				CE08AA0A1FBE7B300049C1F1 /* AromaShooterControllerSwift.framework in Embed Frameworks */,
			);
			name = "Embed Frameworks";
			runOnlyForDeploymentPostprocessing = 0;
		};
/* End PBXCopyFilesBuildPhase section */

/* Begin PBXFileReference section */
		CE08AA071FBE7B250049C1F1 /* AromaShooterControllerSwift.framework */ = {isa = PBXFileReference; lastKnownFileType = wrapper.framework; path = AromaShooterControllerSwift.framework; sourceTree = "<group>"; };
		CE573A171E5C20C500F5F8AE /* ConnectionViewController.swift */ = {isa = PBXFileReference; fileEncoding = 4; lastKnownFileType = sourcecode.swift; path = ConnectionViewController.swift; sourceTree = "<group>"; };
		CE573A191E5C217C00F5F8AE /* DeviceTableViewCell.swift */ = {isa = PBXFileReference; fileEncoding = 4; lastKnownFileType = sourcecode.swift; path = DeviceTableViewCell.swift; sourceTree = "<group>"; };
		CEBA38D71E5AF0D500FD56A0 /* ControllerSDKSample.app */ = {isa = PBXFileReference; explicitFileType = wrapper.application; includeInIndex = 0; path = ControllerSDKSample.app; sourceTree = BUILT_PRODUCTS_DIR; };
		CEBA38DA1E5AF0D500FD56A0 /* AppDelegate.swift */ = {isa = PBXFileReference; lastKnownFileType = sourcecode.swift; path = AppDelegate.swift; sourceTree = "<group>"; };
		CEBA38DC1E5AF0D500FD56A0 /* ViewController.swift */ = {isa = PBXFileReference; lastKnownFileType = sourcecode.swift; path = ViewController.swift; sourceTree = "<group>"; };
		CEBA38DF1E5AF0D500FD56A0 /* Base */ = {isa = PBXFileReference; lastKnownFileType = file.storyboard; name = Base; path = Base.lproj/Main.storyboard; sourceTree = "<group>"; };
		CEBA38E11E5AF0D500FD56A0 /* Assets.xcassets */ = {isa = PBXFileReference; lastKnownFileType = folder.assetcatalog; path = Assets.xcassets; sourceTree = "<group>"; };
		CEBA38E41E5AF0D500FD56A0 /* Base */ = {isa = PBXFileReference; lastKnownFileType = file.storyboard; name = Base; path = Base.lproj/LaunchScreen.storyboard; sourceTree = "<group>"; };
		CEBA38E61E5AF0D500FD56A0 /* Info.plist */ = {isa = PBXFileReference; lastKnownFileType = text.plist.xml; path = Info.plist; sourceTree = "<group>"; };
/* End PBXFileReference section */

/* Begin PBXFrameworksBuildPhase section */
		CEBA38D41E5AF0D500FD56A0 /* Frameworks */ = {
			isa = PBXFrameworksBuildPhase;
			buildActionMask = 2147483647;
			files = (
				CE08AA091FBE7B300049C1F1 /* AromaShooterControllerSwift.framework in Frameworks */,
			);
			runOnlyForDeploymentPostprocessing = 0;
		};
/* End PBXFrameworksBuildPhase section */

/* Begin PBXGroup section */
		CEBA38CE1E5AF0D500FD56A0 = {
			isa = PBXGroup;
			children = (
				CE08AA071FBE7B250049C1F1 /* AromaShooterControllerSwift.framework */,
				CEBA38D91E5AF0D500FD56A0 /* ControllerSDKSample */,
				CEBA38D81E5AF0D500FD56A0 /* Products */,
			);
			sourceTree = "<group>";
		};
		CEBA38D81E5AF0D500FD56A0 /* Products */ = {
			isa = PBXGroup;
			children = (
				CEBA38D71E5AF0D500FD56A0 /* ControllerSDKSample.app */,
			);
			name = Products;
			sourceTree = "<group>";
		};
		CEBA38D91E5AF0D500FD56A0 /* ControllerSDKSample */ = {
			isa = PBXGroup;
			children = (
				CE573A191E5C217C00F5F8AE /* DeviceTableViewCell.swift */,
				CE573A171E5C20C500F5F8AE /* ConnectionViewController.swift */,
				CEBA38DA1E5AF0D500FD56A0 /* AppDelegate.swift */,
				CEBA38DC1E5AF0D500FD56A0 /* ViewController.swift */,
				CEBA38DE1E5AF0D500FD56A0 /* Main.storyboard */,
				CEBA38E11E5AF0D500FD56A0 /* Assets.xcassets */,
				CEBA38E31E5AF0D500FD56A0 /* LaunchScreen.storyboard */,
				CEBA38E61E5AF0D500FD56A0 /* Info.plist */,
			);
			path = ControllerSDKSample;
			sourceTree = "<group>";
		};
/* End PBXGroup section */

/* Begin PBXNativeTarget section */
		CEBA38D61E5AF0D500FD56A0 /* ControllerSDKSample */ = {
			isa = PBXNativeTarget;
			buildConfigurationList = CEBA38E91E5AF0D500FD56A0 /* Build configuration list for PBXNativeTarget "ControllerSDKSample" */;
			buildPhases = (
				CEBA38D31E5AF0D500FD56A0 /* Sources */,
				CEBA38D41E5AF0D500FD56A0 /* Frameworks */,
				CEBA38D51E5AF0D500FD56A0 /* Resources */,
				CE51DDD01F6B6BF200B84E9B /* Embed Frameworks */,
			);
			buildRules = (
			);
			dependencies = (
			);
			name = ControllerSDKSample;
			productName = ControllerSDKSample;
			productReference = CEBA38D71E5AF0D500FD56A0 /* ControllerSDKSample.app */;
			productType = "com.apple.product-type.application";
		};
/* End PBXNativeTarget section */

/* Begin PBXProject section */
		CEBA38CF1E5AF0D500FD56A0 /* Project object */ = {
			isa = PBXProject;
			attributes = {
				LastSwiftUpdateCheck = 0820;
				LastUpgradeCheck = 0820;
				ORGANIZATIONNAME = Aromajoin;
				TargetAttributes = {
					CEBA38D61E5AF0D500FD56A0 = {
						CreatedOnToolsVersion = 8.2.1;
						DevelopmentTeam = 4V6HDFWSR4;
						ProvisioningStyle = Automatic;
					};
				};
			};
			buildConfigurationList = CEBA38D21E5AF0D500FD56A0 /* Build configuration list for PBXProject "ControllerSDKSample" */;
			compatibilityVersion = "Xcode 3.2";
			developmentRegion = English;
			hasScannedForEncodings = 0;
			knownRegions = (
				en,
				Base,
			);
			mainGroup = CEBA38CE1E5AF0D500FD56A0;
			productRefGroup = CEBA38D81E5AF0D500FD56A0 /* Products */;
			projectDirPath = "";
			projectRoot = "";
			targets = (
				CEBA38D61E5AF0D500FD56A0 /* ControllerSDKSample */,
			);
		};
/* End PBXProject section */

/* Begin PBXResourcesBuildPhase section */
		CEBA38D51E5AF0D500FD56A0 /* Resources */ = {
			isa = PBXResourcesBuildPhase;
			buildActionMask = 2147483647;
			files = (
				CEBA38E51E5AF0D500FD56A0 /* LaunchScreen.storyboard in Resources */,
				CEBA38E21E5AF0D500FD56A0 /* Assets.xcassets in Resources */,
				CEBA38E01E5AF0D500FD56A0 /* Main.storyboard in Resources */,
			);
			runOnlyForDeploymentPostprocessing = 0;
		};
/* End PBXResourcesBuildPhase section */

/* Begin PBXSourcesBuildPhase section */
		CEBA38D31E5AF0D500FD56A0 /* Sources */ = {
			isa = PBXSourcesBuildPhase;
			buildActionMask = 2147483647;
			files = (
				CEBA38DD1E5AF0D500FD56A0 /* ViewController.swift in Sources */,
				CEBA38DB1E5AF0D500FD56A0 /* AppDelegate.swift in Sources */,
				CE573A181E5C20C500F5F8AE /* ConnectionViewController.swift in Sources */,
				CE573A1A1E5C217C00F5F8AE /* DeviceTableViewCell.swift in Sources */,
			);
			runOnlyForDeploymentPostprocessing = 0;
		};
/* End PBXSourcesBuildPhase section */

/* Begin PBXVariantGroup section */
		CEBA38DE1E5AF0D500FD56A0 /* Main.storyboard */ = {
			isa = PBXVariantGroup;
			children = (
				CEBA38DF1E5AF0D500FD56A0 /* Base */,
			);
			name = Main.storyboard;
			sourceTree = "<group>";
		};
		CEBA38E31E5AF0D500FD56A0 /* LaunchScreen.storyboard */ = {
			isa = PBXVariantGroup;
			children = (
				CEBA38E41E5AF0D500FD56A0 /* Base */,
			);
			name = LaunchScreen.storyboard;
			sourceTree = "<group>";
		};
/* End PBXVariantGroup section */

/* Begin XCBuildConfiguration section */
		CEBA38E71E5AF0D500FD56A0 /* Debug */ = {
			isa = XCBuildConfiguration;
			buildSettings = {
				ALWAYS_SEARCH_USER_PATHS = NO;
				CLANG_ANALYZER_NONNULL = YES;
				CLANG_CXX_LANGUAGE_STANDARD = "gnu++0x";
				CLANG_CXX_LIBRARY = "libc++";
				CLANG_ENABLE_MODULES = YES;
				CLANG_ENABLE_OBJC_ARC = YES;
				CLANG_WARN_BOOL_CONVERSION = YES;
				CLANG_WARN_CONSTANT_CONVERSION = YES;
				CLANG_WARN_DIRECT_OBJC_ISA_USAGE = YES_ERROR;
				CLANG_WARN_DOCUMENTATION_COMMENTS = YES;
				CLANG_WARN_EMPTY_BODY = YES;
				CLANG_WARN_ENUM_CONVERSION = YES;
				CLANG_WARN_INFINITE_RECURSION = YES;
				CLANG_WARN_INT_CONVERSION = YES;
				CLANG_WARN_OBJC_ROOT_CLASS = YES_ERROR;
				CLANG_WARN_SUSPICIOUS_MOVE = YES;
				CLANG_WARN_UNREACHABLE_CODE = YES;
				CLANG_WARN__DUPLICATE_METHOD_MATCH = YES;
				"CODE_SIGN_IDENTITY[sdk=iphoneos*]" = "iPhone Developer";
				COPY_PHASE_STRIP = NO;
				DEBUG_INFORMATION_FORMAT = dwarf;
				ENABLE_STRICT_OBJC_MSGSEND = YES;
				ENABLE_TESTABILITY = YES;
				GCC_C_LANGUAGE_STANDARD = gnu99;
				GCC_DYNAMIC_NO_PIC = NO;
				GCC_NO_COMMON_BLOCKS = YES;
				GCC_OPTIMIZATION_LEVEL = 0;
				GCC_PREPROCESSOR_DEFINITIONS = (
					"DEBUG=1",
					"$(inherited)",
				);
				GCC_WARN_64_TO_32_BIT_CONVERSION = YES;
				GCC_WARN_ABOUT_RETURN_TYPE = YES_ERROR;
				GCC_WARN_UNDECLARED_SELECTOR = YES;
				GCC_WARN_UNINITIALIZED_AUTOS = YES_AGGRESSIVE;
				GCC_WARN_UNUSED_FUNCTION = YES;
				GCC_WARN_UNUSED_VARIABLE = YES;
				IPHONEOS_DEPLOYMENT_TARGET = 10.2;
				MTL_ENABLE_DEBUG_INFO = YES;
				ONLY_ACTIVE_ARCH = YES;
				SDKROOT = iphoneos;
				SWIFT_ACTIVE_COMPILATION_CONDITIONS = DEBUG;
				SWIFT_OPTIMIZATION_LEVEL = "-Onone";
				TARGETED_DEVICE_FAMILY = "1,2";
			};
			name = Debug;
		};
		CEBA38E81E5AF0D500FD56A0 /* Release */ = {
			isa = XCBuildConfiguration;
			buildSettings = {
				ALWAYS_SEARCH_USER_PATHS = NO;
				CLANG_ANALYZER_NONNULL = YES;
				CLANG_CXX_LANGUAGE_STANDARD = "gnu++0x";
				CLANG_CXX_LIBRARY = "libc++";
				CLANG_ENABLE_MODULES = YES;
				CLANG_ENABLE_OBJC_ARC = YES;
				CLANG_WARN_BOOL_CONVERSION = YES;
				CLANG_WARN_CONSTANT_CONVERSION = YES;
				CLANG_WARN_DIRECT_OBJC_ISA_USAGE = YES_ERROR;
				CLANG_WARN_DOCUMENTATION_COMMENTS = YES;
				CLANG_WARN_EMPTY_BODY = YES;
				CLANG_WARN_ENUM_CONVERSION = YES;
				CLANG_WARN_INFINITE_RECURSION = YES;
				CLANG_WARN_INT_CONVERSION = YES;
				CLANG_WARN_OBJC_ROOT_CLASS = YES_ERROR;
				CLANG_WARN_SUSPICIOUS_MOVE = YES;
				CLANG_WARN_UNREACHABLE_CODE = YES;
				CLANG_WARN__DUPLICATE_METHOD_MATCH = YES;
				"CODE_SIGN_IDENTITY[sdk=iphoneos*]" = "iPhone Developer";
				COPY_PHASE_STRIP = NO;
				DEBUG_INFORMATION_FORMAT = "dwarf-with-dsym";
				ENABLE_NS_ASSERTIONS = NO;
				ENABLE_STRICT_OBJC_MSGSEND = YES;
				GCC_C_LANGUAGE_STANDARD = gnu99;
				GCC_NO_COMMON_BLOCKS = YES;
				GCC_WARN_64_TO_32_BIT_CONVERSION = YES;
				GCC_WARN_ABOUT_RETURN_TYPE = YES_ERROR;
				GCC_WARN_UNDECLARED_SELECTOR = YES;
				GCC_WARN_UNINITIALIZED_AUTOS = YES_AGGRESSIVE;
				GCC_WARN_UNUSED_FUNCTION = YES;
				GCC_WARN_UNUSED_VARIABLE = YES;
				IPHONEOS_DEPLOYMENT_TARGET = 10.2;
				MTL_ENABLE_DEBUG_INFO = NO;
				SDKROOT = iphoneos;
				SWIFT_OPTIMIZATION_LEVEL = "-Owholemodule";
				TARGETED_DEVICE_FAMILY = "1,2";
				VALIDATE_PRODUCT = YES;
			};
			name = Release;
		};
		CEBA38EA1E5AF0D500FD56A0 /* Debug */ = {
			isa = XCBuildConfiguration;
			buildSettings = {
				ALWAYS_SEARCH_USER_PATHS = YES;
				ASSETCATALOG_COMPILER_APPICON_NAME = AppIcon;
				DEVELOPMENT_TEAM = 4V6HDFWSR4;
				FRAMEWORK_SEARCH_PATHS = (
					"$(inherited)",
					"$(PROJECT_DIR)",
				);
				INFOPLIST_FILE = ControllerSDKSample/Info.plist;
				IPHONEOS_DEPLOYMENT_TARGET = 10.3;
				LD_RUNPATH_SEARCH_PATHS = "$(inherited) @executable_path/Frameworks";
				PRODUCT_BUNDLE_IDENTIFIER = com.aromajoin.ControllerSDKSample;
				PRODUCT_NAME = "$(TARGET_NAME)";
				SWIFT_INSTALL_OBJC_HEADER = NO;
				SWIFT_OBJC_INTERFACE_HEADER_NAME = "";
				SWIFT_VERSION = 3.0;
			};
			name = Debug;
		};
		CEBA38EB1E5AF0D500FD56A0 /* Release */ = {
			isa = XCBuildConfiguration;
			buildSettings = {
				ALWAYS_SEARCH_USER_PATHS = YES;
				ASSETCATALOG_COMPILER_APPICON_NAME = AppIcon;
				DEVELOPMENT_TEAM = 4V6HDFWSR4;
				FRAMEWORK_SEARCH_PATHS = (
					"$(inherited)",
					"$(PROJECT_DIR)",
				);
				INFOPLIST_FILE = ControllerSDKSample/Info.plist;
				IPHONEOS_DEPLOYMENT_TARGET = 10.3;
				LD_RUNPATH_SEARCH_PATHS = "$(inherited) @executable_path/Frameworks";
				PRODUCT_BUNDLE_IDENTIFIER = com.aromajoin.ControllerSDKSample;
				PRODUCT_NAME = "$(TARGET_NAME)";
				SWIFT_INSTALL_OBJC_HEADER = NO;
				SWIFT_OBJC_INTERFACE_HEADER_NAME = "";
				SWIFT_VERSION = 3.0;
			};
			name = Release;
		};
/* End XCBuildConfiguration section */

/* Begin XCConfigurationList section */
		CEBA38D21E5AF0D500FD56A0 /* Build configuration list for PBXProject "ControllerSDKSample" */ = {
			isa = XCConfigurationList;
			buildConfigurations = (
				CEBA38E71E5AF0D500FD56A0 /* Debug */,
				CEBA38E81E5AF0D500FD56A0 /* Release */,
			);
			defaultConfigurationIsVisible = 0;
			defaultConfigurationName = Release;
		};
		CEBA38E91E5AF0D500FD56A0 /* Build configuration list for PBXNativeTarget "ControllerSDKSample" */ = {
			isa = XCConfigurationList;
			buildConfigurations = (
				CEBA38EA1E5AF0D500FD56A0 /* Debug */,
				CEBA38EB1E5AF0D500FD56A0 /* Release */,
			);
			defaultConfigurationIsVisible = 0;
			defaultConfigurationName = Release;
		};
/* End XCConfigurationList section */
	};
	rootObject = CEBA38CF1E5AF0D500FD56A0 /* Project object */;
}
